<Solution>
  <Folder Name="/src/" />
  <Folder Name="/src/clients/">
    <Project Path="src/clients/Connectome.UserManagement.Service.Client/Connectome.UserManagement.Service.Client.csproj" />
  </Folder>
  <Folder Name="/src/services/" />
  <Folder Name="/src/services/SocialGraph/">
    <Project Path="src/services/SocialGraph/Connectome.SocialGraph.Api/Connectome.SocialGraph.Api.csproj" />
    <Project Path="src/services/SocialGraph/Connectome.SocialGraph.Application/Connectome.SocialGraph.Application.csproj" />
    <Project Path="src/services/SocialGraph/Connectome.SocialGraph.Domain/Connectome.SocialGraph.Domain.csproj" />
    <Project Path="src/services/SocialGraph/Connectome.SocialGraph.Infrastructure/Connectome.SocialGraph.Infrastructure.csproj" />
  </Folder>
  <Folder Name="/src/shared/" />
  <Folder Name="/src/shared/contracts/">
    <Project Path="src/shared/contracts/Shared.Contracts/Shared.Contracts.csproj" />
  </Folder>
  <Folder Name="/src/shared/core/">
    <Project Path="src/shared/core/Shared.Kernel/Shared.Kernel.csproj" />
  </Folder>
  <Folder Name="/src/shared/infrastructure/">
    <Project Path="src/shared/infrastructure/Shared.Http/Shared.Http.csproj" />
    <Project Path="src/shared/infrastructure/Shared.Messaging/Shared.Messaging.csproj" />
    <Project Path="src/shared/infrastructure/Shared.Redis/Shared.Redis.csproj" />
  </Folder>
  <Folder Name="/src/shared/observability/">
    <Project Path="src/shared/observability/Shared.Logging/Shared.Logging.csproj" />
  </Folder>
</Solution>